
Microsoft Visual Studio Solution File, Format Version 12.00
# Visual Studio Version 17
VisualStudioVersion = 17.14.37027.9 d17.14
MinimumVisualStudioVersion = 10.0.40219.1
Project("{FAE04EC0-301F-11D3-BF4B-00C04F79EFBC}") = "teorieIncapsulare", "teorieIncapsulare.csproj", "{A01BA92E-9623-4A4A-8308-B79439A61A30}"
EndProject
Global
	GlobalSection(SolutionConfigurationPlatforms) = preSolution
		Debug|Any CPU = Debug|Any CPU
		Release|Any CPU = Release|Any CPU
	EndGlobalSection
	GlobalSection(ProjectConfigurationPlatforms) = postSolution
		{A01BA92E-9623-4A4A-8308-B79439A61A30}.Debug|Any CPU.ActiveCfg = Debug|Any CPU
		{A01BA92E-9623-4A4A-8308-B79439A61A30}.Debug|Any CPU.Build.0 = Debug|Any CPU
		{A01BA92E-9623-4A4A-8308-B79439A61A30}.Release|Any CPU.ActiveCfg = Release|Any CPU
		{A01BA92E-9623-4A4A-8308-B79439A61A30}.Release|Any CPU.Build.0 = Release|Any CPU
	EndGlobalSection
	GlobalSection(SolutionProperties) = preSolution
		HideSolutionNode = FALSE
	EndGlobalSection
	GlobalSection(ExtensibilityGlobals) = postSolution
		SolutionGuid = {CA5A4816-2F92-4940-85D1-5AD266CA5AF2}
	EndGlobalSection
EndGlobal
